
Microsoft Visual Studio Solution File, Format Version 12.00
# Visual Studio Version 17
VisualStudioVersion = 17.14.36518.9 d17.14
MinimumVisualStudioVersion = 10.0.40219.1
Project("{FAE04EC0-301F-11D3-BF4B-00C04F79EFBC}") = "CocoQuest", "CocoQuest\CocoQuest.csproj", "{932E1AFA-8E0E-4122-97A0-6C995D5AE805}"
EndProject
Global
	GlobalSection(SolutionConfigurationPlatforms) = preSolution
		Debug|Any CPU = Debug|Any CPU
		Release|Any CPU = Release|Any CPU
	EndGlobalSection
	GlobalSection(ProjectConfigurationPlatforms) = postSolution
		{932E1AFA-8E0E-4122-97A0-6C995D5AE805}.Debug|Any CPU.ActiveCfg = Debug|Any CPU
		{932E1AFA-8E0E-4122-97A0-6C995D5AE805}.Debug|Any CPU.Build.0 = Debug|Any CPU
		{932E1AFA-8E0E-4122-97A0-6C995D5AE805}.Release|Any CPU.ActiveCfg = Release|Any CPU
		{932E1AFA-8E0E-4122-97A0-6C995D5AE805}.Release|Any CPU.Build.0 = Release|Any CPU
	EndGlobalSection
	GlobalSection(SolutionProperties) = preSolution
		HideSolutionNode = FALSE
	EndGlobalSection
	GlobalSection(ExtensibilityGlobals) = postSolution
		SolutionGuid = {1D7DDB75-BA26-4D71-918D-27E1543ED193}
	EndGlobalSection
EndGlobal
